
Microsoft Visual Studio Solution File, Format Version 12.00
# Visual Studio Version 17
VisualStudioVersion = 17.7.34003.232
MinimumVisualStudioVersion = 10.0.40219.1
Project("{FAE04EC0-301F-11D3-BF4B-00C04F79EFBC}") = "ditcinaries_conway_david", "ditcinaries_conway_david.csproj", "{D0EEA14F-91FC-4DD4-9F43-69C7ABE7FEBC}"
EndProject
Global
	GlobalSection(SolutionConfigurationPlatforms) = preSolution
		Debug|Any CPU = Debug|Any CPU
		Release|Any CPU = Release|Any CPU
	EndGlobalSection
	GlobalSection(ProjectConfigurationPlatforms) = postSolution
		{D0EEA14F-91FC-4DD4-9F43-69C7ABE7FEBC}.Debug|Any CPU.ActiveCfg = Debug|Any CPU
		{D0EEA14F-91FC-4DD4-9F43-69C7ABE7FEBC}.Debug|Any CPU.Build.0 = Debug|Any CPU
		{D0EEA14F-91FC-4DD4-9F43-69C7ABE7FEBC}.Release|Any CPU.ActiveCfg = Release|Any CPU
		{D0EEA14F-91FC-4DD4-9F43-69C7ABE7FEBC}.Release|Any CPU.Build.0 = Release|Any CPU
	EndGlobalSection
	GlobalSection(SolutionProperties) = preSolution
		HideSolutionNode = FALSE
	EndGlobalSection
	GlobalSection(ExtensibilityGlobals) = postSolution
		SolutionGuid = {EAC18F42-04C9-4176-B30C-E6E97129E374}
	EndGlobalSection
EndGlobal
